# This file is automatically @generated by Cargo.
# It is not intended for manual editing.
[[package]]
name = "palindrome"
version = "0.1.1"
source = "registry+https://github.com/rust-lang/crates.io-index"
checksum = "ad0e2dd895f762f1f48f435562f3e8f0162fb2cbc25b0ee7d3296ab0f39f0719"

[[package]]
name = "project_euler"
version = "0.1.0"
dependencies = [
 "palindrome",
]
